{
  "version": "4.0.0",
  "lockfileVersion": 1,
  "requires": true,
  "dependencies": {
    "highlight.js": {
      "version": "9.12.0",
      "resolved": "https://registry.npmjs.org/highlight.js/-/highlight.js-9.12.0.tgz",
      "integrity": "sha1-5tnb5Xy+/mB1HwKvM2GVhwyQwB4="
    },
    "js-quantities": {
      "version": "https://registry.npmjs.org/js-quantities/-/js-quantities-1.6.3.tgz",
      "integrity": "sha1-JHKWWQ3JqU41MzbNqHovUizMADo="
    },
    "money": {
      "version": "https://registry.npmjs.org/money/-/money-0.2.0.tgz",
      "integrity": "sha1-fq2i3xAJ35NfoY1PsdYg3azOAsI="
    }
  }
}
